github.com/buildkite/interpolate v0.1.5 h1:v2Ji3voik69UZlbfoqzx+qfcsOKLA61nHdU79VV+tPU=
github.com/buildkite/interpolate v0.1.5/go.mod h1:dHnrwHew5O8VNOAgMDpwRlFnhL5VSN6M1bHVmRZ9Ccc=
github.com/expr-lang/expr v1.16.9 h1:WUAzmR0JNI9JCiF0/ewwHB1gmcGw5wW7nWt8gc6PpCI=
github.com/expr-lang/expr v1.16.9/go.mod h1:8/vRC7+7HBzESEqt5kKpYXxrxkr31SaO8r40VO/1IT4=
github.com/goccy/go-yaml v1.15.16 h1:PMTVcGI9uNPIn7KLs0H7KC1rE+51yPl5YNh4i8rGuRA=
github.com/goccy/go-yaml v1.15.16/go.mod h1:XBurs7gK8ATbW4ZPGKgcbrY1Br56PdM69F7LkFRi1kA=
github.com/google/go-cmp v0.6.0 h1:ofyhxvXcZhMsU5ulbFiLKl/XBFqE1GSq7atu8tAmTRI=
github.com/google/go-cmp v0.6.0/go.mod h1:17dUlkBOakJ0+DkrSSNjCkIjxS6bF9zb3elmeNGIjoY=
