github.com/buildkite/interpolate v0.1.5 h1:v2Ji3voik69UZlbfoqzx+qfcsOKLA61nHdU79VV+tPU=
github.com/buildkite/interpolate v0.1.5/go.mod h1:dHnrwHew5O8VNOAgMDpwRlFnhL5VSN6M1bHVmRZ9Ccc=
github.com/expr-lang/expr v1.17.3 h1:myeTTuDFz7k6eFe/JPlep/UsiIjVhG61FMHFu63U7j0=
github.com/expr-lang/expr v1.17.3/go.mod h1:8/vRC7+7HBzESEqt5kKpYXxrxkr31SaO8r40VO/1IT4=
github.com/goccy/go-yaml v1.17.1 h1:LI34wktB2xEE3ONG/2Ar54+/HJVBriAGJ55PHls4YuY=
github.com/goccy/go-yaml v1.17.1/go.mod h1:XBurs7gK8ATbW4ZPGKgcbrY1Br56PdM69F7LkFRi1kA=
github.com/google/go-cmp v0.7.0 h1:wk8382ETsv4JYUZwIsn6YpYiWiBsYLSJiTsyBybVuN8=
github.com/google/go-cmp v0.7.0/go.mod h1:pXiqmnSA92OHEEa9HXL2W4E7lf9JzCmGVUdgjX3N/iU=
